github.com/alex-bluetrain/notuya-go v0.1.1-0.20260930200132-a561dc554fc0 h1:lNDULr5b+5XKRZZdv2OcbDMokS9Z7A4jMXlhfH+8G/o=
github.com/alex-bluetrain/notuya-go v0.1.1-0.20260930200132-a561dc554fc0/go.mod h1:Xhk2PHCNijhVHHCn8Ju35q2MHGKEOONFaU7sYt9w1yI=
github.com/diamondburned/gotk4-adwaita/pkg v0.0.0-20260808200908-d4aecaa0ff32 h1:1EATAO7ZRrY7B7lt6djCzGnLPlKXPzuOuwPzDSF7jT0=
github.com/diamondburned/gotk4-adwaita/pkg v0.0.0-20260808200908-d4aecaa0ff32/go.mod h1:ZzYiyPe0TqsukfPHi0sK/WwKzm0wIJdSRylLnuvAZNw=
github.com/diamondburned/gotk4/pkg v0.4.1 h1:w4BwVUUBkKyNLz5HKHN2Oz3kZCTLHfpfKgB/su1p6uo=
github.com/diamondburned/gotk4/pkg v0.4.1/go.mod h1:BAEEDXtj5srQ1S2++5HX2K1s9c6CtuWSa60dAywrkRM=
golang.org/x/sync v0.0.0-20210220032951-036812b2e83c h1:5KslGYwFpkhGh+Q16bwMP3cOontH8FOep7tGV86Y7SQ=
golang.org/x/sync v0.0.0-20210220032951-036812b2e83c/go.mod h1:RxMgew5VJxzue5/jJTE5uejpjVlOe/izrB70Jof72aM=
